
Microsoft Visual Studio Solution File, Format Version 12.00
# Visual Studio 15
VisualStudioVersion = 15.0.27703.2047
MinimumVisualStudioVersion = 10.0.40219.1
Project("{9A19103F-16F7-4668-BE54-9A1E7A4F7556}") = "Send", "Send\Send.csproj", "{8AB06D82-4AAC-4B56-B600-FB3C1B59CA1B}"
EndProject
Project("{9A19103F-16F7-4668-BE54-9A1E7A4F7556}") = "Receive", "Receive\Receive.csproj", "{B8702F5C-0045-4276-B28A-7634E4EC0246}"
EndProject
Project("{9A19103F-16F7-4668-BE54-9A1E7A4F7556}") = "CookedRabbit", "CookedRabbit\CookedRabbit.csproj", "{E883D4DE-603F-42D6-94E4-793D89130371}"
EndProject
Global
	GlobalSection(SolutionConfigurationPlatforms) = preSolution
		Debug|Any CPU = Debug|Any CPU
		Release|Any CPU = Release|Any CPU
	EndGlobalSection
	GlobalSection(ProjectConfigurationPlatforms) = postSolution
		{8AB06D82-4AAC-4B56-B600-FB3C1B59CA1B}.Debug|Any CPU.ActiveCfg = Debug|Any CPU
		{8AB06D82-4AAC-4B56-B600-FB3C1B59CA1B}.Debug|Any CPU.Build.0 = Debug|Any CPU
		{8AB06D82-4AAC-4B56-B600-FB3C1B59CA1B}.Release|Any CPU.ActiveCfg = Release|Any CPU
		{8AB06D82-4AAC-4B56-B600-FB3C1B59CA1B}.Release|Any CPU.Build.0 = Release|Any CPU
		{B8702F5C-0045-4276-B28A-7634E4EC0246}.Debug|Any CPU.ActiveCfg = Debug|Any CPU
		{B8702F5C-0045-4276-B28A-7634E4EC0246}.Debug|Any CPU.Build.0 = Debug|Any CPU
		{B8702F5C-0045-4276-B28A-7634E4EC0246}.Release|Any CPU.ActiveCfg = Release|Any CPU
		{B8702F5C-0045-4276-B28A-7634E4EC0246}.Release|Any CPU.Build.0 = Release|Any CPU
		{E883D4DE-603F-42D6-94E4-793D89130371}.Debug|Any CPU.ActiveCfg = Debug|Any CPU
		{E883D4DE-603F-42D6-94E4-793D89130371}.Debug|Any CPU.Build.0 = Debug|Any CPU
		{E883D4DE-603F-42D6-94E4-793D89130371}.Release|Any CPU.ActiveCfg = Release|Any CPU
		{E883D4DE-603F-42D6-94E4-793D89130371}.Release|Any CPU.Build.0 = Release|Any CPU
	EndGlobalSection
	GlobalSection(SolutionProperties) = preSolution
		HideSolutionNode = FALSE
	EndGlobalSection
	GlobalSection(ExtensibilityGlobals) = postSolution
		SolutionGuid = {76098835-164B-48B1-8B99-A303027A231E}
	EndGlobalSection
EndGlobal
